
Microsoft Visual Studio Solution File, Format Version 12.00
# Visual Studio Version 17
VisualStudioVersion = 17.4.33213.308
MinimumVisualStudioVersion = 10.0.40219.1
Project("{FAE04EC0-301F-11D3-BF4B-00C04F79EFBC}") = "ValidationTask", "ValidationTask.csproj", "{05014275-4CCB-40B3-9B00-4432B8C6D599}"
EndProject
Global
	GlobalSection(SolutionConfigurationPlatforms) = preSolution
		Debug|Any CPU = Debug|Any CPU
		Release|Any CPU = Release|Any CPU
	EndGlobalSection
	GlobalSection(ProjectConfigurationPlatforms) = postSolution
		{05014275-4CCB-40B3-9B00-4432B8C6D599}.Debug|Any CPU.ActiveCfg = Debug|Any CPU
		{05014275-4CCB-40B3-9B00-4432B8C6D599}.Debug|Any CPU.Build.0 = Debug|Any CPU
		{05014275-4CCB-40B3-9B00-4432B8C6D599}.Release|Any CPU.ActiveCfg = Release|Any CPU
		{05014275-4CCB-40B3-9B00-4432B8C6D599}.Release|Any CPU.Build.0 = Release|Any CPU
	EndGlobalSection
	GlobalSection(SolutionProperties) = preSolution
		HideSolutionNode = FALSE
	EndGlobalSection
	GlobalSection(ExtensibilityGlobals) = postSolution
		SolutionGuid = {F9489D09-89E9-4225-88CE-FAAD0EB6599A}
	EndGlobalSection
EndGlobal
